
Microsoft Visual Studio Solution File, Format Version 12.00
# Visual Studio Version 16
VisualStudioVersion = 16.0.31129.286
MinimumVisualStudioVersion = 10.0.40219.1
Project("{FAE04EC0-301F-11D3-BF4B-00C04F79EFBC}") = "RecursosHumanos", "RecursosHumanos\RecursosHumanos.csproj", "{1C8E0FDC-EBD9-4BE9-A920-DB45F0FD754C}"
EndProject
Global
	GlobalSection(SolutionConfigurationPlatforms) = preSolution
		Debug|Any CPU = Debug|Any CPU
		Release|Any CPU = Release|Any CPU
	EndGlobalSection
	GlobalSection(ProjectConfigurationPlatforms) = postSolution
		{1C8E0FDC-EBD9-4BE9-A920-DB45F0FD754C}.Debug|Any CPU.ActiveCfg = Debug|Any CPU
		{1C8E0FDC-EBD9-4BE9-A920-DB45F0FD754C}.Debug|Any CPU.Build.0 = Debug|Any CPU
		{1C8E0FDC-EBD9-4BE9-A920-DB45F0FD754C}.Release|Any CPU.ActiveCfg = Release|Any CPU
		{1C8E0FDC-EBD9-4BE9-A920-DB45F0FD754C}.Release|Any CPU.Build.0 = Release|Any CPU
	EndGlobalSection
	GlobalSection(SolutionProperties) = preSolution
		HideSolutionNode = FALSE
	EndGlobalSection
	GlobalSection(ExtensibilityGlobals) = postSolution
		SolutionGuid = {6314262B-3AA5-4AE1-B6B6-7724AB026F46}
	EndGlobalSection
EndGlobal
